
Microsoft Visual Studio Solution File, Format Version 12.00
# Visual Studio Version 17
VisualStudioVersion = 17.9.34616.47
MinimumVisualStudioVersion = 10.0.40219.1
Project("{8BC9CEB8-8B4A-11D0-8D11-00A0C91BC942}") = "PRAK9Pemdas", "PRAK9Pemdas\PRAK9Pemdas.vcxproj", "{6D4DEE1C-0C35-4DE6-9580-92449F1C2296}"
EndProject
Project("{8BC9CEB8-8B4A-11D0-8D11-00A0C91BC942}") = "Prak9Pemdas #2", "Prak9Pemdas #2\Prak9Pemdas #2.vcxproj", "{9C463066-0B83-473D-8D6F-6D12F1D7A05E}"
EndProject
Project("{8BC9CEB8-8B4A-11D0-8D11-00A0C91BC942}") = "Prak9Pemdas_#3", "Prak9Pemdas_#3\Prak9Pemdas_#3.vcxproj", "{E5D5C3B4-A03D-4C97-B462-E54B1FE9252E}"
EndProject
Global
	GlobalSection(SolutionConfigurationPlatforms) = preSolution
		Debug|x64 = Debug|x64
		Debug|x86 = Debug|x86
		Release|x64 = Release|x64
		Release|x86 = Release|x86
	EndGlobalSection
	GlobalSection(ProjectConfigurationPlatforms) = postSolution
		{6D4DEE1C-0C35-4DE6-9580-92449F1C2296}.Debug|x64.ActiveCfg = Debug|x64
		{6D4DEE1C-0C35-4DE6-9580-92449F1C2296}.Debug|x64.Build.0 = Debug|x64
		{6D4DEE1C-0C35-4DE6-9580-92449F1C2296}.Debug|x86.ActiveCfg = Debug|Win32
		{6D4DEE1C-0C35-4DE6-9580-92449F1C2296}.Debug|x86.Build.0 = Debug|Win32
		{6D4DEE1C-0C35-4DE6-9580-92449F1C2296}.Release|x64.ActiveCfg = Release|x64
		{6D4DEE1C-0C35-4DE6-9580-92449F1C2296}.Release|x64.Build.0 = Release|x64
		{6D4DEE1C-0C35-4DE6-9580-92449F1C2296}.Release|x86.ActiveCfg = Release|Win32
		{6D4DEE1C-0C35-4DE6-9580-92449F1C2296}.Release|x86.Build.0 = Release|Win32
		{9C463066-0B83-473D-8D6F-6D12F1D7A05E}.Debug|x64.ActiveCfg = Debug|x64
		{9C463066-0B83-473D-8D6F-6D12F1D7A05E}.Debug|x64.Build.0 = Debug|x64
		{9C463066-0B83-473D-8D6F-6D12F1D7A05E}.Debug|x86.ActiveCfg = Debug|Win32
		{9C463066-0B83-473D-8D6F-6D12F1D7A05E}.Debug|x86.Build.0 = Debug|Win32
		{9C463066-0B83-473D-8D6F-6D12F1D7A05E}.Release|x64.ActiveCfg = Release|x64
		{9C463066-0B83-473D-8D6F-6D12F1D7A05E}.Release|x64.Build.0 = Release|x64
		{9C463066-0B83-473D-8D6F-6D12F1D7A05E}.Release|x86.ActiveCfg = Release|Win32
		{9C463066-0B83-473D-8D6F-6D12F1D7A05E}.Release|x86.Build.0 = Release|Win32
		{E5D5C3B4-A03D-4C97-B462-E54B1FE9252E}.Debug|x64.ActiveCfg = Debug|x64
		{E5D5C3B4-A03D-4C97-B462-E54B1FE9252E}.Debug|x64.Build.0 = Debug|x64
		{E5D5C3B4-A03D-4C97-B462-E54B1FE9252E}.Debug|x86.ActiveCfg = Debug|Win32
		{E5D5C3B4-A03D-4C97-B462-E54B1FE9252E}.Debug|x86.Build.0 = Debug|Win32
		{E5D5C3B4-A03D-4C97-B462-E54B1FE9252E}.Release|x64.ActiveCfg = Release|x64
		{E5D5C3B4-A03D-4C97-B462-E54B1FE9252E}.Release|x64.Build.0 = Release|x64
		{E5D5C3B4-A03D-4C97-B462-E54B1FE9252E}.Release|x86.ActiveCfg = Release|Win32
		{E5D5C3B4-A03D-4C97-B462-E54B1FE9252E}.Release|x86.Build.0 = Release|Win32
	EndGlobalSection
	GlobalSection(SolutionProperties) = preSolution
		HideSolutionNode = FALSE
	EndGlobalSection
	GlobalSection(ExtensibilityGlobals) = postSolution
		SolutionGuid = {31DA8F69-2C0C-4BCF-9F9F-44F0F415E0F3}
	EndGlobalSection
EndGlobal
